// !$*UTF8*$!
{
	archiveVersion = 1;
	classes = {
	};
	objectVersion = 56;
	objects = {

/* Begin PBXBuildFile section */
		61005E222A272BA500980B40 /* SVGKit in Frameworks */ = {isa = PBXBuildFile; productRef = 61005E212A272BA500980B40 /* SVGKit */; };
		61005E242A272BA500980B40 /* SVGKitSwift in Frameworks */ = {isa = PBXBuildFile; productRef = 61005E232A272BA500980B40 /* SVGKitSwift */; };
		61615EA72A29FE1C00A23710 /* CropViewController in Frameworks */ = {isa = PBXBuildFile; productRef = 61615EA62A29FE1C00A23710 /* CropViewController */; };
		61615EA92A29FE1C00A23710 /* TOCropViewController in Frameworks */ = {isa = PBXBuildFile; productRef = 61615EA82A29FE1C00A23710 /* TOCropViewController */; };
		6166874D2A15F37D0016A549 /* ChangeProfilePicture.swift in Sources */ = {isa = PBXBuildFile; fileRef = 6166874C2A15F37D0016A549 /* ChangeProfilePicture.swift */; };
		6166874F2A15FB2A0016A549 /* ChangeBio.swift in Sources */ = {isa = PBXBuildFile; fileRef = 6166874E2A15FB2A0016A549 /* ChangeBio.swift */; };
		616687512A161E900016A549 /* CreateProfile.swift in Sources */ = {isa = PBXBuildFile; fileRef = 616687502A161E900016A549 /* CreateProfile.swift */; };
		616687542A1622EA0016A549 /* ClassForm.swift in Sources */ = {isa = PBXBuildFile; fileRef = 616687532A1622EA0016A549 /* ClassForm.swift */; };
		616687562A1654660016A549 /* SocialMediaInputForm.swift in Sources */ = {isa = PBXBuildFile; fileRef = 616687552A1654660016A549 /* SocialMediaInputForm.swift */; };
		616687582A171E110016A549 /* ChangeName.swift in Sources */ = {isa = PBXBuildFile; fileRef = 616687572A171E110016A549 /* ChangeName.swift */; };
		6166875C2A1787390016A549 /* GoogleSignIn in Frameworks */ = {isa = PBXBuildFile; productRef = 6166875B2A1787390016A549 /* GoogleSignIn */; };
		6166875E2A1787390016A549 /* GoogleSignInSwift in Frameworks */ = {isa = PBXBuildFile; productRef = 6166875D2A1787390016A549 /* GoogleSignInSwift */; };
		616687602A178CF20016A549 /* +View.swift in Sources */ = {isa = PBXBuildFile; fileRef = 6166875F2A178CF20016A549 /* +View.swift */; };
		61A0E7FE2A09D0D500FE474D /* KittAPP.swift in Sources */ = {isa = PBXBuildFile; fileRef = 61A0E7FD2A09D0D500FE474D /* KittAPP.swift */; };
		61A0E8002A09D0D500FE474D /* HomePage.swift in Sources */ = {isa = PBXBuildFile; fileRef = 61A0E7FF2A09D0D500FE474D /* HomePage.swift */; };
		61A0E8022A09D0D600FE474D /* Assets.xcassets in Resources */ = {isa = PBXBuildFile; fileRef = 61A0E8012A09D0D600FE474D /* Assets.xcassets */; };
		61A0E8052A09D0D600FE474D /* Preview Assets.xcassets in Resources */ = {isa = PBXBuildFile; fileRef = 61A0E8042A09D0D600FE474D /* Preview Assets.xcassets */; };
		61A0E80F2A09E16100FE474D /* FormSelection.swift in Sources */ = {isa = PBXBuildFile; fileRef = 61A0E80E2A09E16100FE474D /* FormSelection.swift */; };
		61A0E8112A09F78200FE474D /* ProductForm.swift in Sources */ = {isa = PBXBuildFile; fileRef = 61A0E8102A09F78200FE474D /* ProductForm.swift */; };
		61A0E8132A09F78900FE474D /* LinkForm.swift in Sources */ = {isa = PBXBuildFile; fileRef = 61A0E8122A09F78900FE474D /* LinkForm.swift */; };
		61A0E8162A0A051300FE474D /* SettingsPage.swift in Sources */ = {isa = PBXBuildFile; fileRef = 61A0E8152A0A051300FE474D /* SettingsPage.swift */; };
		61A0E8182A0A09F000FE474D /* LandingPage.swift in Sources */ = {isa = PBXBuildFile; fileRef = 61A0E8172A0A09F000FE474D /* LandingPage.swift */; };
		61A0E81B2A0A0E3700FE474D /* CreateAccountForm.swift in Sources */ = {isa = PBXBuildFile; fileRef = 61A0E81A2A0A0E3600FE474D /* CreateAccountForm.swift */; };
		61A0E81D2A0A121E00FE474D /* CreateLink.swift in Sources */ = {isa = PBXBuildFile; fileRef = 61A0E81C2A0A121E00FE474D /* CreateLink.swift */; };
		61A0E81F2A0A15DC00FE474D /* UploadProfileImageForm.swift in Sources */ = {isa = PBXBuildFile; fileRef = 61A0E81E2A0A15DC00FE474D /* UploadProfileImageForm.swift */; };
		61A0E8222A0A2B4900FE474D /* SPAlert in Frameworks */ = {isa = PBXBuildFile; productRef = 61A0E8212A0A2B4900FE474D /* SPAlert */; };
		61A0E8252A0A2C1900FE474D /* FirebaseAnalytics in Frameworks */ = {isa = PBXBuildFile; productRef = 61A0E8242A0A2C1900FE474D /* FirebaseAnalytics */; };
		61A0E8272A0A2C1900FE474D /* FirebaseAnalyticsOnDeviceConversion in Frameworks */ = {isa = PBXBuildFile; productRef = 61A0E8262A0A2C1900FE474D /* FirebaseAnalyticsOnDeviceConversion */; };
		61A0E8292A0A2C1900FE474D /* FirebaseAnalyticsSwift in Frameworks */ = {isa = PBXBuildFile; productRef = 61A0E8282A0A2C1900FE474D /* FirebaseAnalyticsSwift */; };
		61A0E82B2A0A2C1900FE474D /* FirebaseAnalyticsWithoutAdIdSupport in Frameworks */ = {isa = PBXBuildFile; productRef = 61A0E82A2A0A2C1900FE474D /* FirebaseAnalyticsWithoutAdIdSupport */; };
		61A0E82D2A0A2C1900FE474D /* FirebaseAppCheck in Frameworks */ = {isa = PBXBuildFile; productRef = 61A0E82C2A0A2C1900FE474D /* FirebaseAppCheck */; };
		61A0E82F2A0A2C1900FE474D /* FirebaseAppDistribution-Beta in Frameworks */ = {isa = PBXBuildFile; productRef = 61A0E82E2A0A2C1900FE474D /* FirebaseAppDistribution-Beta */; };
		61A0E8312A0A2C1900FE474D /* FirebaseAuth in Frameworks */ = {isa = PBXBuildFile; productRef = 61A0E8302A0A2C1900FE474D /* FirebaseAuth */; };
		61A0E8332A0A2C1900FE474D /* FirebaseAuthCombine-Community in Frameworks */ = {isa = PBXBuildFile; productRef = 61A0E8322A0A2C1900FE474D /* FirebaseAuthCombine-Community */; };
		61A0E8352A0A2C1A00FE474D /* FirebaseCrashlytics in Frameworks */ = {isa = PBXBuildFile; productRef = 61A0E8342A0A2C1A00FE474D /* FirebaseCrashlytics */; };
		61A0E8372A0A2C1A00FE474D /* FirebaseDatabase in Frameworks */ = {isa = PBXBuildFile; productRef = 61A0E8362A0A2C1A00FE474D /* FirebaseDatabase */; };
		61A0E8392A0A2C1A00FE474D /* FirebaseDatabaseSwift in Frameworks */ = {isa = PBXBuildFile; productRef = 61A0E8382A0A2C1A00FE474D /* FirebaseDatabaseSwift */; };
		61A0E83B2A0A2C1A00FE474D /* FirebaseDynamicLinks in Frameworks */ = {isa = PBXBuildFile; productRef = 61A0E83A2A0A2C1A00FE474D /* FirebaseDynamicLinks */; };
		61A0E83D2A0A2C1B00FE474D /* FirebaseFirestore in Frameworks */ = {isa = PBXBuildFile; productRef = 61A0E83C2A0A2C1B00FE474D /* FirebaseFirestore */; };
		61A0E83F2A0A2C1B00FE474D /* FirebaseFirestoreCombine-Community in Frameworks */ = {isa = PBXBuildFile; productRef = 61A0E83E2A0A2C1B00FE474D /* FirebaseFirestoreCombine-Community */; };
		61A0E8412A0A2C1B00FE474D /* FirebaseFirestoreSwift in Frameworks */ = {isa = PBXBuildFile; productRef = 61A0E8402A0A2C1B00FE474D /* FirebaseFirestoreSwift */; };
		61A0E8432A0A2C1B00FE474D /* FirebaseFunctions in Frameworks */ = {isa = PBXBuildFile; productRef = 61A0E8422A0A2C1B00FE474D /* FirebaseFunctions */; };
		61A0E8452A0A2C1C00FE474D /* FirebaseFunctionsCombine-Community in Frameworks */ = {isa = PBXBuildFile; productRef = 61A0E8442A0A2C1C00FE474D /* FirebaseFunctionsCombine-Community */; };
		61A0E8472A0A2C1C00FE474D /* FirebaseInAppMessaging-Beta in Frameworks */ = {isa = PBXBuildFile; productRef = 61A0E8462A0A2C1C00FE474D /* FirebaseInAppMessaging-Beta */; };
		61A0E8492A0A2C1D00FE474D /* FirebaseInAppMessagingSwift-Beta in Frameworks */ = {isa = PBXBuildFile; productRef = 61A0E8482A0A2C1D00FE474D /* FirebaseInAppMessagingSwift-Beta */; };
		61A0E84B2A0A2C1D00FE474D /* FirebaseInstallations in Frameworks */ = {isa = PBXBuildFile; productRef = 61A0E84A2A0A2C1D00FE474D /* FirebaseInstallations */; };
		61A0E84D2A0A2C1D00FE474D /* FirebaseMLModelDownloader in Frameworks */ = {isa = PBXBuildFile; productRef = 61A0E84C2A0A2C1D00FE474D /* FirebaseMLModelDownloader */; };
		61A0E84F2A0A2C1E00FE474D /* FirebaseMessaging in Frameworks */ = {isa = PBXBuildFile; productRef = 61A0E84E2A0A2C1E00FE474D /* FirebaseMessaging */; };
		61A0E8512A0A2C1E00FE474D /* FirebasePerformance in Frameworks */ = {isa = PBXBuildFile; productRef = 61A0E8502A0A2C1E00FE474D /* FirebasePerformance */; };
		61A0E8532A0A2C1F00FE474D /* FirebaseRemoteConfig in Frameworks */ = {isa = PBXBuildFile; productRef = 61A0E8522A0A2C1F00FE474D /* FirebaseRemoteConfig */; };
		61A0E8552A0A2C1F00FE474D /* FirebaseRemoteConfigSwift in Frameworks */ = {isa = PBXBuildFile; productRef = 61A0E8542A0A2C1F00FE474D /* FirebaseRemoteConfigSwift */; };
		61A0E8572A0A2C2000FE474D /* FirebaseStorage in Frameworks */ = {isa = PBXBuildFile; productRef = 61A0E8562A0A2C2000FE474D /* FirebaseStorage */; };
		61A0E8592A0A2C2000FE474D /* FirebaseStorageCombine-Community in Frameworks */ = {isa = PBXBuildFile; productRef = 61A0E8582A0A2C2000FE474D /* FirebaseStorageCombine-Community */; };
		61A0E85D2A0A2D0800FE474D /* GoogleService-Info.plist in Resources */ = {isa = PBXBuildFile; fileRef = 61A0E85C2A0A2D0800FE474D /* GoogleService-Info.plist */; };
		61A0E85F2A0A2F4100FE474D /* AuthViewModel.swift in Sources */ = {isa = PBXBuildFile; fileRef = 61A0E85E2A0A2F4100FE474D /* AuthViewModel.swift */; };
		61A0E8612A0A410400FE474D /* CreateDB.swift in Sources */ = {isa = PBXBuildFile; fileRef = 61A0E8602A0A410400FE474D /* CreateDB.swift */; };
		61A0E8642A0A416F00FE474D /* TimeData.swift in Sources */ = {isa = PBXBuildFile; fileRef = 61A0E8632A0A416F00FE474D /* TimeData.swift */; };
		61A0E8682A0A44DC00FE474D /* ImagePicker.swift in Sources */ = {isa = PBXBuildFile; fileRef = 61A0E8672A0A44DC00FE474D /* ImagePicker.swift */; };
		61A0E86A2A0A491A00FE474D /* UpdateDB.swift in Sources */ = {isa = PBXBuildFile; fileRef = 61A0E8692A0A491A00FE474D /* UpdateDB.swift */; };
		61A0E86C2A0A4A5F00FE474D /* ReadDB.swift in Sources */ = {isa = PBXBuildFile; fileRef = 61A0E86B2A0A4A5F00FE474D /* ReadDB.swift */; };
		61A60C572A0B91E2006B7984 /* DeleteDB.swift in Sources */ = {isa = PBXBuildFile; fileRef = 61A60C562A0B91E2006B7984 /* DeleteDB.swift */; };
		61A60C5C2A0CAC07006B7984 /* LaunchScreen.storyboard in Resources */ = {isa = PBXBuildFile; fileRef = 61A60C5B2A0CAC07006B7984 /* LaunchScreen.storyboard */; };
/* End PBXBuildFile section */

/* Begin PBXFileReference section */
		6166874C2A15F37D0016A549 /* ChangeProfilePicture.swift */ = {isa = PBXFileReference; lastKnownFileType = sourcecode.swift; path = ChangeProfilePicture.swift; sourceTree = "<group>"; };
		6166874E2A15FB2A0016A549 /* ChangeBio.swift */ = {isa = PBXFileReference; lastKnownFileType = sourcecode.swift; path = ChangeBio.swift; sourceTree = "<group>"; };
		616687502A161E900016A549 /* CreateProfile.swift */ = {isa = PBXFileReference; lastKnownFileType = sourcecode.swift; path = CreateProfile.swift; sourceTree = "<group>"; };
		616687532A1622EA0016A549 /* ClassForm.swift */ = {isa = PBXFileReference; lastKnownFileType = sourcecode.swift; path = ClassForm.swift; sourceTree = "<group>"; };
		616687552A1654660016A549 /* SocialMediaInputForm.swift */ = {isa = PBXFileReference; lastKnownFileType = sourcecode.swift; path = SocialMediaInputForm.swift; sourceTree = "<group>"; };
		616687572A171E110016A549 /* ChangeName.swift */ = {isa = PBXFileReference; lastKnownFileType = sourcecode.swift; path = ChangeName.swift; sourceTree = "<group>"; };
		616687592A1746650016A549 /* Kitt.entitlements */ = {isa = PBXFileReference; lastKnownFileType = text.plist.entitlements; path = Kitt.entitlements; sourceTree = "<group>"; };
		6166875F2A178CF20016A549 /* +View.swift */ = {isa = PBXFileReference; lastKnownFileType = sourcecode.swift; path = "+View.swift"; sourceTree = "<group>"; };
		61A0E7FA2A09D0D500FE474D /* Kitt.app */ = {isa = PBXFileReference; explicitFileType = wrapper.application; includeInIndex = 0; path = Kitt.app; sourceTree = BUILT_PRODUCTS_DIR; };
		61A0E7FD2A09D0D500FE474D /* KittAPP.swift */ = {isa = PBXFileReference; lastKnownFileType = sourcecode.swift; path = KittAPP.swift; sourceTree = "<group>"; };
		61A0E7FF2A09D0D500FE474D /* HomePage.swift */ = {isa = PBXFileReference; lastKnownFileType = sourcecode.swift; path = HomePage.swift; sourceTree = "<group>"; };
		61A0E8012A09D0D600FE474D /* Assets.xcassets */ = {isa = PBXFileReference; lastKnownFileType = folder.assetcatalog; path = Assets.xcassets; sourceTree = "<group>"; };
		61A0E8042A09D0D600FE474D /* Preview Assets.xcassets */ = {isa = PBXFileReference; lastKnownFileType = folder.assetcatalog; path = "Preview Assets.xcassets"; sourceTree = "<group>"; };
		61A0E80E2A09E16100FE474D /* FormSelection.swift */ = {isa = PBXFileReference; lastKnownFileType = sourcecode.swift; path = FormSelection.swift; sourceTree = "<group>"; };
		61A0E8102A09F78200FE474D /* ProductForm.swift */ = {isa = PBXFileReference; lastKnownFileType = sourcecode.swift; path = ProductForm.swift; sourceTree = "<group>"; };
		61A0E8122A09F78900FE474D /* LinkForm.swift */ = {isa = PBXFileReference; lastKnownFileType = sourcecode.swift; path = LinkForm.swift; sourceTree = "<group>"; };
		61A0E8152A0A051300FE474D /* SettingsPage.swift */ = {isa = PBXFileReference; lastKnownFileType = sourcecode.swift; path = SettingsPage.swift; sourceTree = "<group>"; };
		61A0E8172A0A09F000FE474D /* LandingPage.swift */ = {isa = PBXFileReference; lastKnownFileType = sourcecode.swift; path = LandingPage.swift; sourceTree = "<group>"; };
		61A0E81A2A0A0E3600FE474D /* CreateAccountForm.swift */ = {isa = PBXFileReference; lastKnownFileType = sourcecode.swift; path = CreateAccountForm.swift; sourceTree = "<group>"; };
		61A0E81C2A0A121E00FE474D /* CreateLink.swift */ = {isa = PBXFileReference; lastKnownFileType = sourcecode.swift; path = CreateLink.swift; sourceTree = "<group>"; };
		61A0E81E2A0A15DC00FE474D /* UploadProfileImageForm.swift */ = {isa = PBXFileReference; lastKnownFileType = sourcecode.swift; path = UploadProfileImageForm.swift; sourceTree = "<group>"; };
		61A0E85C2A0A2D0800FE474D /* GoogleService-Info.plist */ = {isa = PBXFileReference; fileEncoding = 4; lastKnownFileType = text.plist.xml; path = "GoogleService-Info.plist"; sourceTree = "<group>"; };
		61A0E85E2A0A2F4100FE474D /* AuthViewModel.swift */ = {isa = PBXFileReference; lastKnownFileType = sourcecode.swift; path = AuthViewModel.swift; sourceTree = "<group>"; };
		61A0E8602A0A410400FE474D /* CreateDB.swift */ = {isa = PBXFileReference; lastKnownFileType = sourcecode.swift; path = CreateDB.swift; sourceTree = "<group>"; };
		61A0E8632A0A416F00FE474D /* TimeData.swift */ = {isa = PBXFileReference; lastKnownFileType = sourcecode.swift; path = TimeData.swift; sourceTree = "<group>"; };
		61A0E8672A0A44DC00FE474D /* ImagePicker.swift */ = {isa = PBXFileReference; lastKnownFileType = sourcecode.swift; path = ImagePicker.swift; sourceTree = "<group>"; };
		61A0E8692A0A491A00FE474D /* UpdateDB.swift */ = {isa = PBXFileReference; lastKnownFileType = sourcecode.swift; path = UpdateDB.swift; sourceTree = "<group>"; };
		61A0E86B2A0A4A5F00FE474D /* ReadDB.swift */ = {isa = PBXFileReference; lastKnownFileType = sourcecode.swift; path = ReadDB.swift; sourceTree = "<group>"; };
		61A60C552A0B7ACF006B7984 /* Info.plist */ = {isa = PBXFileReference; lastKnownFileType = text.plist; path = Info.plist; sourceTree = "<group>"; };
		61A60C562A0B91E2006B7984 /* DeleteDB.swift */ = {isa = PBXFileReference; lastKnownFileType = sourcecode.swift; path = DeleteDB.swift; sourceTree = "<group>"; };
		61A60C5B2A0CAC07006B7984 /* LaunchScreen.storyboard */ = {isa = PBXFileReference; fileEncoding = 4; lastKnownFileType = file.storyboard; name = LaunchScreen.storyboard; path = ../../../../openrack/openrack/LaunchScreen.storyboard; sourceTree = "<group>"; };
/* End PBXFileReference section */

/* Begin PBXFrameworksBuildPhase section */
		61A0E7F72A09D0D500FE474D /* Frameworks */ = {
			isa = PBXFrameworksBuildPhase;
			buildActionMask = 2147483647;
			files = (
				61A0E8432A0A2C1B00FE474D /* FirebaseFunctions in Frameworks */,
				61A0E8392A0A2C1A00FE474D /* FirebaseDatabaseSwift in Frameworks */,
				61A0E8492A0A2C1D00FE474D /* FirebaseInAppMessagingSwift-Beta in Frameworks */,
				61A0E84F2A0A2C1E00FE474D /* FirebaseMessaging in Frameworks */,
				61A0E82F2A0A2C1900FE474D /* FirebaseAppDistribution-Beta in Frameworks */,
				61A0E8332A0A2C1900FE474D /* FirebaseAuthCombine-Community in Frameworks */,
				61A0E83F2A0A2C1B00FE474D /* FirebaseFirestoreCombine-Community in Frameworks */,
				61A0E8292A0A2C1900FE474D /* FirebaseAnalyticsSwift in Frameworks */,
				61A0E84D2A0A2C1D00FE474D /* FirebaseMLModelDownloader in Frameworks */,
				61005E222A272BA500980B40 /* SVGKit in Frameworks */,
				6166875C2A1787390016A549 /* GoogleSignIn in Frameworks */,
				61A0E82B2A0A2C1900FE474D /* FirebaseAnalyticsWithoutAdIdSupport in Frameworks */,
				61A0E8252A0A2C1900FE474D /* FirebaseAnalytics in Frameworks */,
				61A0E8412A0A2C1B00FE474D /* FirebaseFirestoreSwift in Frameworks */,
				61A0E8272A0A2C1900FE474D /* FirebaseAnalyticsOnDeviceConversion in Frameworks */,
				61A0E82D2A0A2C1900FE474D /* FirebaseAppCheck in Frameworks */,
				61005E242A272BA500980B40 /* SVGKitSwift in Frameworks */,
				61615EA72A29FE1C00A23710 /* CropViewController in Frameworks */,
				6166875E2A1787390016A549 /* GoogleSignInSwift in Frameworks */,
				61A0E8512A0A2C1E00FE474D /* FirebasePerformance in Frameworks */,
				61A0E8472A0A2C1C00FE474D /* FirebaseInAppMessaging-Beta in Frameworks */,
				61A0E8452A0A2C1C00FE474D /* FirebaseFunctionsCombine-Community in Frameworks */,
				61A0E8352A0A2C1A00FE474D /* FirebaseCrashlytics in Frameworks */,
				61A0E84B2A0A2C1D00FE474D /* FirebaseInstallations in Frameworks */,
				61A0E8532A0A2C1F00FE474D /* FirebaseRemoteConfig in Frameworks */,
				61A0E8572A0A2C2000FE474D /* FirebaseStorage in Frameworks */,
				61615EA92A29FE1C00A23710 /* TOCropViewController in Frameworks */,
				61A0E8372A0A2C1A00FE474D /* FirebaseDatabase in Frameworks */,
				61A0E8592A0A2C2000FE474D /* FirebaseStorageCombine-Community in Frameworks */,
				61A0E8222A0A2B4900FE474D /* SPAlert in Frameworks */,
				61A0E8312A0A2C1900FE474D /* FirebaseAuth in Frameworks */,
				61A0E83B2A0A2C1A00FE474D /* FirebaseDynamicLinks in Frameworks */,
				61A0E83D2A0A2C1B00FE474D /* FirebaseFirestore in Frameworks */,
				61A0E8552A0A2C1F00FE474D /* FirebaseRemoteConfigSwift in Frameworks */,
			);
			runOnlyForDeploymentPostprocessing = 0;
		};
/* End PBXFrameworksBuildPhase section */

/* Begin PBXGroup section */
		6166874B2A15F36A0016A549 /* Edit Views */ = {
			isa = PBXGroup;
			children = (
				6166874C2A15F37D0016A549 /* ChangeProfilePicture.swift */,
				6166874E2A15FB2A0016A549 /* ChangeBio.swift */,
				616687572A171E110016A549 /* ChangeName.swift */,
			);
			path = "Edit Views";
			sourceTree = "<group>";
		};
		616687522A1622D90016A549 /* Forms */ = {
			isa = PBXGroup;
			children = (
				616687552A1654660016A549 /* SocialMediaInputForm.swift */,
				61A0E8122A09F78900FE474D /* LinkForm.swift */,
				61A0E8102A09F78200FE474D /* ProductForm.swift */,
				616687532A1622EA0016A549 /* ClassForm.swift */,
			);
			path = Forms;
			sourceTree = "<group>";
		};
		61A0E7F12A09D0D500FE474D = {
			isa = PBXGroup;
			children = (
				61A0E7FC2A09D0D500FE474D /* Kitt */,
				61A0E7FB2A09D0D500FE474D /* Products */,
			);
			sourceTree = "<group>";
		};
		61A0E7FB2A09D0D500FE474D /* Products */ = {
			isa = PBXGroup;
			children = (
				61A0E7FA2A09D0D500FE474D /* Kitt.app */,
			);
			name = Products;
			sourceTree = "<group>";
		};
		61A0E7FC2A09D0D500FE474D /* Kitt */ = {
			isa = PBXGroup;
			children = (
				616687592A1746650016A549 /* Kitt.entitlements */,
				61A60C552A0B7ACF006B7984 /* Info.plist */,
				61A0E8622A0A415700FE474D /* Utility */,
				61A0E85C2A0A2D0800FE474D /* GoogleService-Info.plist */,
				61A0E80D2A09D43F00FE474D /* ViewModel */,
				61A0E80C2A09D43B00FE474D /* Model */,
				61A0E80B2A09D43600FE474D /* View */,
				61A0E7FD2A09D0D500FE474D /* KittAPP.swift */,
				61A0E8012A09D0D600FE474D /* Assets.xcassets */,
				61A0E8032A09D0D600FE474D /* Preview Content */,
			);
			path = Kitt;
			sourceTree = "<group>";
		};
		61A0E8032A09D0D600FE474D /* Preview Content */ = {
			isa = PBXGroup;
			children = (
				61A0E8042A09D0D600FE474D /* Preview Assets.xcassets */,
			);
			path = "Preview Content";
			sourceTree = "<group>";
		};
		61A0E80B2A09D43600FE474D /* View */ = {
			isa = PBXGroup;
			children = (
				616687522A1622D90016A549 /* Forms */,
				6166874B2A15F36A0016A549 /* Edit Views */,
				61A60C582A0BEE16006B7984 /* Launch Screen */,
				61A0E8192A0A0E1E00FE474D /* Onboarding */,
				61A0E7FF2A09D0D500FE474D /* HomePage.swift */,
				61A0E80E2A09E16100FE474D /* FormSelection.swift */,
				61A0E8152A0A051300FE474D /* SettingsPage.swift */,
				61A0E8672A0A44DC00FE474D /* ImagePicker.swift */,
			);
			path = View;
			sourceTree = "<group>";
		};
		61A0E80C2A09D43B00FE474D /* Model */ = {
			isa = PBXGroup;
			children = (
				61A0E8602A0A410400FE474D /* CreateDB.swift */,
				61A0E8692A0A491A00FE474D /* UpdateDB.swift */,
				61A0E86B2A0A4A5F00FE474D /* ReadDB.swift */,
				61A60C562A0B91E2006B7984 /* DeleteDB.swift */,
			);
			path = Model;
			sourceTree = "<group>";
		};
		61A0E80D2A09D43F00FE474D /* ViewModel */ = {
			isa = PBXGroup;
			children = (
				61A0E85E2A0A2F4100FE474D /* AuthViewModel.swift */,
			);
			path = ViewModel;
			sourceTree = "<group>";
		};
		61A0E8192A0A0E1E00FE474D /* Onboarding */ = {
			isa = PBXGroup;
			children = (
				61A0E8172A0A09F000FE474D /* LandingPage.swift */,
				61A0E81A2A0A0E3600FE474D /* CreateAccountForm.swift */,
				61A0E81C2A0A121E00FE474D /* CreateLink.swift */,
				616687502A161E900016A549 /* CreateProfile.swift */,
				61A0E81E2A0A15DC00FE474D /* UploadProfileImageForm.swift */,
			);
			path = Onboarding;
			sourceTree = "<group>";
		};
		61A0E8622A0A415700FE474D /* Utility */ = {
			isa = PBXGroup;
			children = (
				61A0E8632A0A416F00FE474D /* TimeData.swift */,
				6166875F2A178CF20016A549 /* +View.swift */,
			);
			path = Utility;
			sourceTree = "<group>";
		};
		61A60C582A0BEE16006B7984 /* Launch Screen */ = {
			isa = PBXGroup;
			children = (
				61A60C5B2A0CAC07006B7984 /* LaunchScreen.storyboard */,
			);
			path = "Launch Screen";
			sourceTree = "<group>";
		};
/* End PBXGroup section */

/* Begin PBXNativeTarget section */
		61A0E7F92A09D0D500FE474D /* Kitt */ = {
			isa = PBXNativeTarget;
			buildConfigurationList = 61A0E8082A09D0D600FE474D /* Build configuration list for PBXNativeTarget "Kitt" */;
			buildPhases = (
				61A0E7F62A09D0D500FE474D /* Sources */,
				61A0E7F72A09D0D500FE474D /* Frameworks */,
				61A0E7F82A09D0D500FE474D /* Resources */,
			);
			buildRules = (
			);
			dependencies = (
			);
			name = Kitt;
			packageProductDependencies = (
				61A0E8212A0A2B4900FE474D /* SPAlert */,
				61A0E8242A0A2C1900FE474D /* FirebaseAnalytics */,
				61A0E8262A0A2C1900FE474D /* FirebaseAnalyticsOnDeviceConversion */,
				61A0E8282A0A2C1900FE474D /* FirebaseAnalyticsSwift */,
				61A0E82A2A0A2C1900FE474D /* FirebaseAnalyticsWithoutAdIdSupport */,
				61A0E82C2A0A2C1900FE474D /* FirebaseAppCheck */,
				61A0E82E2A0A2C1900FE474D /* FirebaseAppDistribution-Beta */,
				61A0E8302A0A2C1900FE474D /* FirebaseAuth */,
				61A0E8322A0A2C1900FE474D /* FirebaseAuthCombine-Community */,
				61A0E8342A0A2C1A00FE474D /* FirebaseCrashlytics */,
				61A0E8362A0A2C1A00FE474D /* FirebaseDatabase */,
				61A0E8382A0A2C1A00FE474D /* FirebaseDatabaseSwift */,
				61A0E83A2A0A2C1A00FE474D /* FirebaseDynamicLinks */,
				61A0E83C2A0A2C1B00FE474D /* FirebaseFirestore */,
				61A0E83E2A0A2C1B00FE474D /* FirebaseFirestoreCombine-Community */,
				61A0E8402A0A2C1B00FE474D /* FirebaseFirestoreSwift */,
				61A0E8422A0A2C1B00FE474D /* FirebaseFunctions */,
				61A0E8442A0A2C1C00FE474D /* FirebaseFunctionsCombine-Community */,
				61A0E8462A0A2C1C00FE474D /* FirebaseInAppMessaging-Beta */,
				61A0E8482A0A2C1D00FE474D /* FirebaseInAppMessagingSwift-Beta */,
				61A0E84A2A0A2C1D00FE474D /* FirebaseInstallations */,
				61A0E84C2A0A2C1D00FE474D /* FirebaseMLModelDownloader */,
				61A0E84E2A0A2C1E00FE474D /* FirebaseMessaging */,
				61A0E8502A0A2C1E00FE474D /* FirebasePerformance */,
				61A0E8522A0A2C1F00FE474D /* FirebaseRemoteConfig */,
				61A0E8542A0A2C1F00FE474D /* FirebaseRemoteConfigSwift */,
				61A0E8562A0A2C2000FE474D /* FirebaseStorage */,
				61A0E8582A0A2C2000FE474D /* FirebaseStorageCombine-Community */,
				6166875B2A1787390016A549 /* GoogleSignIn */,
				6166875D2A1787390016A549 /* GoogleSignInSwift */,
				61005E212A272BA500980B40 /* SVGKit */,
				61005E232A272BA500980B40 /* SVGKitSwift */,
				61615EA62A29FE1C00A23710 /* CropViewController */,
				61615EA82A29FE1C00A23710 /* TOCropViewController */,
			);
			productName = Mishki;
			productReference = 61A0E7FA2A09D0D500FE474D /* Kitt.app */;
			productType = "com.apple.product-type.application";
		};
/* End PBXNativeTarget section */

/* Begin PBXProject section */
		61A0E7F22A09D0D500FE474D /* Project object */ = {
			isa = PBXProject;
			attributes = {
				BuildIndependentTargetsInParallel = 1;
				LastSwiftUpdateCheck = 1430;
				LastUpgradeCheck = 1430;
				TargetAttributes = {
					61A0E7F92A09D0D500FE474D = {
						CreatedOnToolsVersion = 14.3;
					};
				};
			};
			buildConfigurationList = 61A0E7F52A09D0D500FE474D /* Build configuration list for PBXProject "Kitt" */;
			compatibilityVersion = "Xcode 14.0";
			developmentRegion = en;
			hasScannedForEncodings = 0;
			knownRegions = (
				en,
				Base,
			);
			mainGroup = 61A0E7F12A09D0D500FE474D;
			packageReferences = (
				61A0E8202A0A2B4900FE474D /* XCRemoteSwiftPackageReference "SPAlert" */,
				61A0E8232A0A2C1800FE474D /* XCRemoteSwiftPackageReference "firebase-ios-sdk" */,
				6166875A2A1787380016A549 /* XCRemoteSwiftPackageReference "GoogleSignIn-iOS" */,
				61005E202A272BA500980B40 /* XCRemoteSwiftPackageReference "SVGKit" */,
				61615EA52A29FE1C00A23710 /* XCRemoteSwiftPackageReference "TOCropViewController" */,
			);
			productRefGroup = 61A0E7FB2A09D0D500FE474D /* Products */;
			projectDirPath = "";
			projectRoot = "";
			targets = (
				61A0E7F92A09D0D500FE474D /* Kitt */,
			);
		};
/* End PBXProject section */

/* Begin PBXResourcesBuildPhase section */
		61A0E7F82A09D0D500FE474D /* Resources */ = {
			isa = PBXResourcesBuildPhase;
			buildActionMask = 2147483647;
			files = (
				61A0E8052A09D0D600FE474D /* Preview Assets.xcassets in Resources */,
				61A0E8022A09D0D600FE474D /* Assets.xcassets in Resources */,
				61A60C5C2A0CAC07006B7984 /* LaunchScreen.storyboard in Resources */,
				61A0E85D2A0A2D0800FE474D /* GoogleService-Info.plist in Resources */,
			);
			runOnlyForDeploymentPostprocessing = 0;
		};
/* End PBXResourcesBuildPhase section */

/* Begin PBXSourcesBuildPhase section */
		61A0E7F62A09D0D500FE474D /* Sources */ = {
			isa = PBXSourcesBuildPhase;
			buildActionMask = 2147483647;
			files = (
				61A0E8182A0A09F000FE474D /* LandingPage.swift in Sources */,
				61A0E8132A09F78900FE474D /* LinkForm.swift in Sources */,
				61A0E8642A0A416F00FE474D /* TimeData.swift in Sources */,
				61A0E8682A0A44DC00FE474D /* ImagePicker.swift in Sources */,
				6166874D2A15F37D0016A549 /* ChangeProfilePicture.swift in Sources */,
				61A0E81D2A0A121E00FE474D /* CreateLink.swift in Sources */,
				616687582A171E110016A549 /* ChangeName.swift in Sources */,
				616687542A1622EA0016A549 /* ClassForm.swift in Sources */,
				61A0E8002A09D0D500FE474D /* HomePage.swift in Sources */,
				616687562A1654660016A549 /* SocialMediaInputForm.swift in Sources */,
				61A0E8112A09F78200FE474D /* ProductForm.swift in Sources */,
				61A0E8162A0A051300FE474D /* SettingsPage.swift in Sources */,
				61A0E81F2A0A15DC00FE474D /* UploadProfileImageForm.swift in Sources */,
				61A0E86C2A0A4A5F00FE474D /* ReadDB.swift in Sources */,
				61A0E85F2A0A2F4100FE474D /* AuthViewModel.swift in Sources */,
				61A0E7FE2A09D0D500FE474D /* KittAPP.swift in Sources */,
				61A60C572A0B91E2006B7984 /* DeleteDB.swift in Sources */,
				61A0E80F2A09E16100FE474D /* FormSelection.swift in Sources */,
				616687512A161E900016A549 /* CreateProfile.swift in Sources */,
				61A0E86A2A0A491A00FE474D /* UpdateDB.swift in Sources */,
				616687602A178CF20016A549 /* +View.swift in Sources */,
				61A0E81B2A0A0E3700FE474D /* CreateAccountForm.swift in Sources */,
				61A0E8612A0A410400FE474D /* CreateDB.swift in Sources */,
				6166874F2A15FB2A0016A549 /* ChangeBio.swift in Sources */,
			);
			runOnlyForDeploymentPostprocessing = 0;
		};
/* End PBXSourcesBuildPhase section */

/* Begin XCBuildConfiguration section */
		61A0E8062A09D0D600FE474D /* Debug */ = {
			isa = XCBuildConfiguration;
			buildSettings = {
				ALWAYS_SEARCH_USER_PATHS = NO;
				CLANG_ANALYZER_NONNULL = YES;
				CLANG_ANALYZER_NUMBER_OBJECT_CONVERSION = YES_AGGRESSIVE;
				CLANG_CXX_LANGUAGE_STANDARD = "gnu++20";
				CLANG_ENABLE_MODULES = YES;
				CLANG_ENABLE_OBJC_ARC = YES;
				CLANG_ENABLE_OBJC_WEAK = YES;
				CLANG_WARN_BLOCK_CAPTURE_AUTORELEASING = YES;
				CLANG_WARN_BOOL_CONVERSION = YES;
				CLANG_WARN_COMMA = YES;
				CLANG_WARN_CONSTANT_CONVERSION = YES;
				CLANG_WARN_DEPRECATED_OBJC_IMPLEMENTATIONS = YES;
				CLANG_WARN_DIRECT_OBJC_ISA_USAGE = YES_ERROR;
				CLANG_WARN_DOCUMENTATION_COMMENTS = YES;
				CLANG_WARN_EMPTY_BODY = YES;
				CLANG_WARN_ENUM_CONVERSION = YES;
				CLANG_WARN_INFINITE_RECURSION = YES;
				CLANG_WARN_INT_CONVERSION = YES;
				CLANG_WARN_NON_LITERAL_NULL_CONVERSION = YES;
				CLANG_WARN_OBJC_IMPLICIT_RETAIN_SELF = YES;
				CLANG_WARN_OBJC_LITERAL_CONVERSION = YES;
				CLANG_WARN_OBJC_ROOT_CLASS = YES_ERROR;
				CLANG_WARN_QUOTED_INCLUDE_IN_FRAMEWORK_HEADER = YES;
				CLANG_WARN_RANGE_LOOP_ANALYSIS = YES;
				CLANG_WARN_STRICT_PROTOTYPES = YES;
				CLANG_WARN_SUSPICIOUS_MOVE = YES;
				CLANG_WARN_UNGUARDED_AVAILABILITY = YES_AGGRESSIVE;
				CLANG_WARN_UNREACHABLE_CODE = YES;
				CLANG_WARN__DUPLICATE_METHOD_MATCH = YES;
				COPY_PHASE_STRIP = NO;
				DEBUG_INFORMATION_FORMAT = dwarf;
				ENABLE_STRICT_OBJC_MSGSEND = YES;
				ENABLE_TESTABILITY = YES;
				GCC_C_LANGUAGE_STANDARD = gnu11;
				GCC_DYNAMIC_NO_PIC = NO;
				GCC_NO_COMMON_BLOCKS = YES;
				GCC_OPTIMIZATION_LEVEL = 0;
				GCC_PREPROCESSOR_DEFINITIONS = (
					"DEBUG=1",
					"$(inherited)",
				);
				GCC_WARN_64_TO_32_BIT_CONVERSION = YES;
				GCC_WARN_ABOUT_RETURN_TYPE = YES_ERROR;
				GCC_WARN_UNDECLARED_SELECTOR = YES;
				GCC_WARN_UNINITIALIZED_AUTOS = YES_AGGRESSIVE;
				GCC_WARN_UNUSED_FUNCTION = YES;
				GCC_WARN_UNUSED_VARIABLE = YES;
				IPHONEOS_DEPLOYMENT_TARGET = 16.4;
				MTL_ENABLE_DEBUG_INFO = INCLUDE_SOURCE;
				MTL_FAST_MATH = YES;
				ONLY_ACTIVE_ARCH = YES;
				SDKROOT = iphoneos;
				SWIFT_ACTIVE_COMPILATION_CONDITIONS = DEBUG;
				SWIFT_OPTIMIZATION_LEVEL = "-Onone";
			};
			name = Debug;
		};
		61A0E8072A09D0D600FE474D /* Release */ = {
			isa = XCBuildConfiguration;
			buildSettings = {
				ALWAYS_SEARCH_USER_PATHS = NO;
				CLANG_ANALYZER_NONNULL = YES;
				CLANG_ANALYZER_NUMBER_OBJECT_CONVERSION = YES_AGGRESSIVE;
				CLANG_CXX_LANGUAGE_STANDARD = "gnu++20";
				CLANG_ENABLE_MODULES = YES;
				CLANG_ENABLE_OBJC_ARC = YES;
				CLANG_ENABLE_OBJC_WEAK = YES;
				CLANG_WARN_BLOCK_CAPTURE_AUTORELEASING = YES;
				CLANG_WARN_BOOL_CONVERSION = YES;
				CLANG_WARN_COMMA = YES;
				CLANG_WARN_CONSTANT_CONVERSION = YES;
				CLANG_WARN_DEPRECATED_OBJC_IMPLEMENTATIONS = YES;
				CLANG_WARN_DIRECT_OBJC_ISA_USAGE = YES_ERROR;
				CLANG_WARN_DOCUMENTATION_COMMENTS = YES;
				CLANG_WARN_EMPTY_BODY = YES;
				CLANG_WARN_ENUM_CONVERSION = YES;
				CLANG_WARN_INFINITE_RECURSION = YES;
				CLANG_WARN_INT_CONVERSION = YES;
				CLANG_WARN_NON_LITERAL_NULL_CONVERSION = YES;
				CLANG_WARN_OBJC_IMPLICIT_RETAIN_SELF = YES;
				CLANG_WARN_OBJC_LITERAL_CONVERSION = YES;
				CLANG_WARN_OBJC_ROOT_CLASS = YES_ERROR;
				CLANG_WARN_QUOTED_INCLUDE_IN_FRAMEWORK_HEADER = YES;
				CLANG_WARN_RANGE_LOOP_ANALYSIS = YES;
				CLANG_WARN_STRICT_PROTOTYPES = YES;
				CLANG_WARN_SUSPICIOUS_MOVE = YES;
				CLANG_WARN_UNGUARDED_AVAILABILITY = YES_AGGRESSIVE;
				CLANG_WARN_UNREACHABLE_CODE = YES;
				CLANG_WARN__DUPLICATE_METHOD_MATCH = YES;
				COPY_PHASE_STRIP = NO;
				DEBUG_INFORMATION_FORMAT = "dwarf-with-dsym";
				ENABLE_NS_ASSERTIONS = NO;
				ENABLE_STRICT_OBJC_MSGSEND = YES;
				GCC_C_LANGUAGE_STANDARD = gnu11;
				GCC_NO_COMMON_BLOCKS = YES;
				GCC_WARN_64_TO_32_BIT_CONVERSION = YES;
				GCC_WARN_ABOUT_RETURN_TYPE = YES_ERROR;
				GCC_WARN_UNDECLARED_SELECTOR = YES;
				GCC_WARN_UNINITIALIZED_AUTOS = YES_AGGRESSIVE;
				GCC_WARN_UNUSED_FUNCTION = YES;
				GCC_WARN_UNUSED_VARIABLE = YES;
				IPHONEOS_DEPLOYMENT_TARGET = 16.4;
				MTL_ENABLE_DEBUG_INFO = NO;
				MTL_FAST_MATH = YES;
				SDKROOT = iphoneos;
				SWIFT_COMPILATION_MODE = wholemodule;
				SWIFT_OPTIMIZATION_LEVEL = "-O";
				VALIDATE_PRODUCT = YES;
			};
			name = Release;
		};
		61A0E8092A09D0D600FE474D /* Debug */ = {
			isa = XCBuildConfiguration;
			buildSettings = {
				ASSETCATALOG_COMPILER_APPICON_NAME = AppIcon;
				ASSETCATALOG_COMPILER_GLOBAL_ACCENT_COLOR_NAME = AccentColor;
				ASSETCATALOG_COMPILER_INCLUDE_ALL_APPICON_ASSETS = NO;
				CODE_SIGN_ALLOW_ENTITLEMENTS_MODIFICATION = YES;
				CODE_SIGN_ENTITLEMENTS = Kitt/Kitt.entitlements;
				CODE_SIGN_STYLE = Automatic;
				CURRENT_PROJECT_VERSION = 1;
				DEVELOPMENT_ASSET_PATHS = "\"Kitt/Preview Content\"";
				DEVELOPMENT_TEAM = 29VBPZUJ23;
				ENABLE_PREVIEWS = YES;
				GENERATE_INFOPLIST_FILE = YES;
				INFOPLIST_FILE = Kitt/Info.plist;
				INFOPLIST_KEY_CFBundleDisplayName = Kitt;
				INFOPLIST_KEY_LSApplicationCategoryType = "public.app-category.utilities";
				INFOPLIST_KEY_NSPhotoLibraryUsageDescription = "Please allow access to select photos";
				INFOPLIST_KEY_UIApplicationSceneManifest_Generation = YES;
				INFOPLIST_KEY_UIApplicationSupportsIndirectInputEvents = YES;
				INFOPLIST_KEY_UILaunchScreen_Generation = YES;
				INFOPLIST_KEY_UILaunchStoryboardName = LaunchScreen.storyboard;
				INFOPLIST_KEY_UIStatusBarStyle = UIStatusBarStyleDarkContent;
				INFOPLIST_KEY_UISupportedInterfaceOrientations = UIInterfaceOrientationPortrait;
				IPHONEOS_DEPLOYMENT_TARGET = 16.0;
				LD_RUNPATH_SEARCH_PATHS = (
					"$(inherited)",
					"@executable_path/Frameworks",
				);
				MARKETING_VERSION = 1.2;
				PRODUCT_BUNDLE_IDENTIFIER = com.axie.mishki;
				PRODUCT_NAME = "$(TARGET_NAME)";
				SUPPORTED_PLATFORMS = "iphoneos iphonesimulator";
				SUPPORTS_MACCATALYST = NO;
				SUPPORTS_MAC_DESIGNED_FOR_IPHONE_IPAD = NO;
				SWIFT_EMIT_LOC_STRINGS = YES;
				SWIFT_VERSION = 5.0;
				TARGETED_DEVICE_FAMILY = 1;
			};
			name = Debug;
		};
		61A0E80A2A09D0D600FE474D /* Release */ = {
			isa = XCBuildConfiguration;
			buildSettings = {
				ASSETCATALOG_COMPILER_APPICON_NAME = AppIcon;
				ASSETCATALOG_COMPILER_GLOBAL_ACCENT_COLOR_NAME = AccentColor;
				ASSETCATALOG_COMPILER_INCLUDE_ALL_APPICON_ASSETS = NO;
				CODE_SIGN_ALLOW_ENTITLEMENTS_MODIFICATION = YES;
				CODE_SIGN_ENTITLEMENTS = Kitt/Kitt.entitlements;
				CODE_SIGN_STYLE = Automatic;
				CURRENT_PROJECT_VERSION = 1;
				DEVELOPMENT_ASSET_PATHS = "\"Kitt/Preview Content\"";
				DEVELOPMENT_TEAM = 29VBPZUJ23;
				ENABLE_PREVIEWS = YES;
				GENERATE_INFOPLIST_FILE = YES;
				INFOPLIST_FILE = Kitt/Info.plist;
				INFOPLIST_KEY_CFBundleDisplayName = Kitt;
				INFOPLIST_KEY_LSApplicationCategoryType = "public.app-category.utilities";
				INFOPLIST_KEY_NSPhotoLibraryUsageDescription = "Please allow access to select photos";
				INFOPLIST_KEY_UIApplicationSceneManifest_Generation = YES;
				INFOPLIST_KEY_UIApplicationSupportsIndirectInputEvents = YES;
				INFOPLIST_KEY_UILaunchScreen_Generation = YES;
				INFOPLIST_KEY_UILaunchStoryboardName = LaunchScreen.storyboard;
				INFOPLIST_KEY_UIStatusBarStyle = UIStatusBarStyleDarkContent;
				INFOPLIST_KEY_UISupportedInterfaceOrientations = UIInterfaceOrientationPortrait;
				IPHONEOS_DEPLOYMENT_TARGET = 16.0;
				LD_RUNPATH_SEARCH_PATHS = (
					"$(inherited)",
					"@executable_path/Frameworks",
				);
				MARKETING_VERSION = 1.2;
				PRODUCT_BUNDLE_IDENTIFIER = com.axie.mishki;
				PRODUCT_NAME = "$(TARGET_NAME)";
				SUPPORTED_PLATFORMS = "iphoneos iphonesimulator";
				SUPPORTS_MACCATALYST = NO;
				SUPPORTS_MAC_DESIGNED_FOR_IPHONE_IPAD = NO;
				SWIFT_EMIT_LOC_STRINGS = YES;
				SWIFT_VERSION = 5.0;
				TARGETED_DEVICE_FAMILY = 1;
			};
			name = Release;
		};
/* End XCBuildConfiguration section */

/* Begin XCConfigurationList section */
		61A0E7F52A09D0D500FE474D /* Build configuration list for PBXProject "Kitt" */ = {
			isa = XCConfigurationList;
			buildConfigurations = (
				61A0E8062A09D0D600FE474D /* Debug */,
				61A0E8072A09D0D600FE474D /* Release */,
			);
			defaultConfigurationIsVisible = 0;
			defaultConfigurationName = Release;
		};
		61A0E8082A09D0D600FE474D /* Build configuration list for PBXNativeTarget "Kitt" */ = {
			isa = XCConfigurationList;
			buildConfigurations = (
				61A0E8092A09D0D600FE474D /* Debug */,
				61A0E80A2A09D0D600FE474D /* Release */,
			);
			defaultConfigurationIsVisible = 0;
			defaultConfigurationName = Release;
		};
/* End XCConfigurationList section */

/* Begin XCRemoteSwiftPackageReference section */
		61005E202A272BA500980B40 /* XCRemoteSwiftPackageReference "SVGKit" */ = {
			isa = XCRemoteSwiftPackageReference;
			repositoryURL = "https://github.com/SVGKit/SVGKit.git";
			requirement = {
				kind = upToNextMajorVersion;
				minimumVersion = 3.0.0;
			};
		};
		61615EA52A29FE1C00A23710 /* XCRemoteSwiftPackageReference "TOCropViewController" */ = {
			isa = XCRemoteSwiftPackageReference;
			repositoryURL = "https://github.com/TimOliver/TOCropViewController";
			requirement = {
				kind = upToNextMajorVersion;
				minimumVersion = 2.0.0;
			};
		};
		6166875A2A1787380016A549 /* XCRemoteSwiftPackageReference "GoogleSignIn-iOS" */ = {
			isa = XCRemoteSwiftPackageReference;
			repositoryURL = "https://github.com/google/GoogleSignIn-iOS";
			requirement = {
				kind = upToNextMajorVersion;
				minimumVersion = 7.0.0;
			};
		};
		61A0E8202A0A2B4900FE474D /* XCRemoteSwiftPackageReference "SPAlert" */ = {
			isa = XCRemoteSwiftPackageReference;
			repositoryURL = "https://github.com/ivanvorobei/SPAlert";
			requirement = {
				kind = upToNextMajorVersion;
				minimumVersion = 4.0.0;
			};
		};
		61A0E8232A0A2C1800FE474D /* XCRemoteSwiftPackageReference "firebase-ios-sdk" */ = {
			isa = XCRemoteSwiftPackageReference;
			repositoryURL = "https://github.com/firebase/firebase-ios-sdk";
			requirement = {
				kind = upToNextMajorVersion;
				minimumVersion = 10.0.0;
			};
		};
/* End XCRemoteSwiftPackageReference section */

/* Begin XCSwiftPackageProductDependency section */
		61005E212A272BA500980B40 /* SVGKit */ = {
			isa = XCSwiftPackageProductDependency;
			package = 61005E202A272BA500980B40 /* XCRemoteSwiftPackageReference "SVGKit" */;
			productName = SVGKit;
		};
		61005E232A272BA500980B40 /* SVGKitSwift */ = {
			isa = XCSwiftPackageProductDependency;
			package = 61005E202A272BA500980B40 /* XCRemoteSwiftPackageReference "SVGKit" */;
			productName = SVGKitSwift;
		};
		61615EA62A29FE1C00A23710 /* CropViewController */ = {
			isa = XCSwiftPackageProductDependency;
			package = 61615EA52A29FE1C00A23710 /* XCRemoteSwiftPackageReference "TOCropViewController" */;
			productName = CropViewController;
		};
		61615EA82A29FE1C00A23710 /* TOCropViewController */ = {
			isa = XCSwiftPackageProductDependency;
			package = 61615EA52A29FE1C00A23710 /* XCRemoteSwiftPackageReference "TOCropViewController" */;
			productName = TOCropViewController;
		};
		6166875B2A1787390016A549 /* GoogleSignIn */ = {
			isa = XCSwiftPackageProductDependency;
			package = 6166875A2A1787380016A549 /* XCRemoteSwiftPackageReference "GoogleSignIn-iOS" */;
			productName = GoogleSignIn;
		};
		6166875D2A1787390016A549 /* GoogleSignInSwift */ = {
			isa = XCSwiftPackageProductDependency;
			package = 6166875A2A1787380016A549 /* XCRemoteSwiftPackageReference "GoogleSignIn-iOS" */;
			productName = GoogleSignInSwift;
		};
		61A0E8212A0A2B4900FE474D /* SPAlert */ = {
			isa = XCSwiftPackageProductDependency;
			package = 61A0E8202A0A2B4900FE474D /* XCRemoteSwiftPackageReference "SPAlert" */;
			productName = SPAlert;
		};
		61A0E8242A0A2C1900FE474D /* FirebaseAnalytics */ = {
			isa = XCSwiftPackageProductDependency;
			package = 61A0E8232A0A2C1800FE474D /* XCRemoteSwiftPackageReference "firebase-ios-sdk" */;
			productName = FirebaseAnalytics;
		};
		61A0E8262A0A2C1900FE474D /* FirebaseAnalyticsOnDeviceConversion */ = {
			isa = XCSwiftPackageProductDependency;
			package = 61A0E8232A0A2C1800FE474D /* XCRemoteSwiftPackageReference "firebase-ios-sdk" */;
			productName = FirebaseAnalyticsOnDeviceConversion;
		};
		61A0E8282A0A2C1900FE474D /* FirebaseAnalyticsSwift */ = {
			isa = XCSwiftPackageProductDependency;
			package = 61A0E8232A0A2C1800FE474D /* XCRemoteSwiftPackageReference "firebase-ios-sdk" */;
			productName = FirebaseAnalyticsSwift;
		};
		61A0E82A2A0A2C1900FE474D /* FirebaseAnalyticsWithoutAdIdSupport */ = {
			isa = XCSwiftPackageProductDependency;
			package = 61A0E8232A0A2C1800FE474D /* XCRemoteSwiftPackageReference "firebase-ios-sdk" */;
			productName = FirebaseAnalyticsWithoutAdIdSupport;
		};
		61A0E82C2A0A2C1900FE474D /* FirebaseAppCheck */ = {
			isa = XCSwiftPackageProductDependency;
			package = 61A0E8232A0A2C1800FE474D /* XCRemoteSwiftPackageReference "firebase-ios-sdk" */;
			productName = FirebaseAppCheck;
		};
		61A0E82E2A0A2C1900FE474D /* FirebaseAppDistribution-Beta */ = {
			isa = XCSwiftPackageProductDependency;
			package = 61A0E8232A0A2C1800FE474D /* XCRemoteSwiftPackageReference "firebase-ios-sdk" */;
			productName = "FirebaseAppDistribution-Beta";
		};
		61A0E8302A0A2C1900FE474D /* FirebaseAuth */ = {
			isa = XCSwiftPackageProductDependency;
			package = 61A0E8232A0A2C1800FE474D /* XCRemoteSwiftPackageReference "firebase-ios-sdk" */;
			productName = FirebaseAuth;
		};
		61A0E8322A0A2C1900FE474D /* FirebaseAuthCombine-Community */ = {
			isa = XCSwiftPackageProductDependency;
			package = 61A0E8232A0A2C1800FE474D /* XCRemoteSwiftPackageReference "firebase-ios-sdk" */;
			productName = "FirebaseAuthCombine-Community";
		};
		61A0E8342A0A2C1A00FE474D /* FirebaseCrashlytics */ = {
			isa = XCSwiftPackageProductDependency;
			package = 61A0E8232A0A2C1800FE474D /* XCRemoteSwiftPackageReference "firebase-ios-sdk" */;
			productName = FirebaseCrashlytics;
		};
		61A0E8362A0A2C1A00FE474D /* FirebaseDatabase */ = {
			isa = XCSwiftPackageProductDependency;
			package = 61A0E8232A0A2C1800FE474D /* XCRemoteSwiftPackageReference "firebase-ios-sdk" */;
			productName = FirebaseDatabase;
		};
		61A0E8382A0A2C1A00FE474D /* FirebaseDatabaseSwift */ = {
			isa = XCSwiftPackageProductDependency;
			package = 61A0E8232A0A2C1800FE474D /* XCRemoteSwiftPackageReference "firebase-ios-sdk" */;
			productName = FirebaseDatabaseSwift;
		};
		61A0E83A2A0A2C1A00FE474D /* FirebaseDynamicLinks */ = {
			isa = XCSwiftPackageProductDependency;
			package = 61A0E8232A0A2C1800FE474D /* XCRemoteSwiftPackageReference "firebase-ios-sdk" */;
			productName = FirebaseDynamicLinks;
		};
		61A0E83C2A0A2C1B00FE474D /* FirebaseFirestore */ = {
			isa = XCSwiftPackageProductDependency;
			package = 61A0E8232A0A2C1800FE474D /* XCRemoteSwiftPackageReference "firebase-ios-sdk" */;
			productName = FirebaseFirestore;
		};
		61A0E83E2A0A2C1B00FE474D /* FirebaseFirestoreCombine-Community */ = {
			isa = XCSwiftPackageProductDependency;
			package = 61A0E8232A0A2C1800FE474D /* XCRemoteSwiftPackageReference "firebase-ios-sdk" */;
			productName = "FirebaseFirestoreCombine-Community";
		};
		61A0E8402A0A2C1B00FE474D /* FirebaseFirestoreSwift */ = {
			isa = XCSwiftPackageProductDependency;
			package = 61A0E8232A0A2C1800FE474D /* XCRemoteSwiftPackageReference "firebase-ios-sdk" */;
			productName = FirebaseFirestoreSwift;
		};
		61A0E8422A0A2C1B00FE474D /* FirebaseFunctions */ = {
			isa = XCSwiftPackageProductDependency;
			package = 61A0E8232A0A2C1800FE474D /* XCRemoteSwiftPackageReference "firebase-ios-sdk" */;
			productName = FirebaseFunctions;
		};
		61A0E8442A0A2C1C00FE474D /* FirebaseFunctionsCombine-Community */ = {
			isa = XCSwiftPackageProductDependency;
			package = 61A0E8232A0A2C1800FE474D /* XCRemoteSwiftPackageReference "firebase-ios-sdk" */;
			productName = "FirebaseFunctionsCombine-Community";
		};
		61A0E8462A0A2C1C00FE474D /* FirebaseInAppMessaging-Beta */ = {
			isa = XCSwiftPackageProductDependency;
			package = 61A0E8232A0A2C1800FE474D /* XCRemoteSwiftPackageReference "firebase-ios-sdk" */;
			productName = "FirebaseInAppMessaging-Beta";
		};
		61A0E8482A0A2C1D00FE474D /* FirebaseInAppMessagingSwift-Beta */ = {
			isa = XCSwiftPackageProductDependency;
			package = 61A0E8232A0A2C1800FE474D /* XCRemoteSwiftPackageReference "firebase-ios-sdk" */;
			productName = "FirebaseInAppMessagingSwift-Beta";
		};
		61A0E84A2A0A2C1D00FE474D /* FirebaseInstallations */ = {
			isa = XCSwiftPackageProductDependency;
			package = 61A0E8232A0A2C1800FE474D /* XCRemoteSwiftPackageReference "firebase-ios-sdk" */;
			productName = FirebaseInstallations;
		};
		61A0E84C2A0A2C1D00FE474D /* FirebaseMLModelDownloader */ = {
			isa = XCSwiftPackageProductDependency;
			package = 61A0E8232A0A2C1800FE474D /* XCRemoteSwiftPackageReference "firebase-ios-sdk" */;
			productName = FirebaseMLModelDownloader;
		};
		61A0E84E2A0A2C1E00FE474D /* FirebaseMessaging */ = {
			isa = XCSwiftPackageProductDependency;
			package = 61A0E8232A0A2C1800FE474D /* XCRemoteSwiftPackageReference "firebase-ios-sdk" */;
			productName = FirebaseMessaging;
		};
		61A0E8502A0A2C1E00FE474D /* FirebasePerformance */ = {
			isa = XCSwiftPackageProductDependency;
			package = 61A0E8232A0A2C1800FE474D /* XCRemoteSwiftPackageReference "firebase-ios-sdk" */;
			productName = FirebasePerformance;
		};
		61A0E8522A0A2C1F00FE474D /* FirebaseRemoteConfig */ = {
			isa = XCSwiftPackageProductDependency;
			package = 61A0E8232A0A2C1800FE474D /* XCRemoteSwiftPackageReference "firebase-ios-sdk" */;
			productName = FirebaseRemoteConfig;
		};
		61A0E8542A0A2C1F00FE474D /* FirebaseRemoteConfigSwift */ = {
			isa = XCSwiftPackageProductDependency;
			package = 61A0E8232A0A2C1800FE474D /* XCRemoteSwiftPackageReference "firebase-ios-sdk" */;
			productName = FirebaseRemoteConfigSwift;
		};
		61A0E8562A0A2C2000FE474D /* FirebaseStorage */ = {
			isa = XCSwiftPackageProductDependency;
			package = 61A0E8232A0A2C1800FE474D /* XCRemoteSwiftPackageReference "firebase-ios-sdk" */;
			productName = FirebaseStorage;
		};
		61A0E8582A0A2C2000FE474D /* FirebaseStorageCombine-Community */ = {
			isa = XCSwiftPackageProductDependency;
			package = 61A0E8232A0A2C1800FE474D /* XCRemoteSwiftPackageReference "firebase-ios-sdk" */;
			productName = "FirebaseStorageCombine-Community";
		};
/* End XCSwiftPackageProductDependency section */
	};
	rootObject = 61A0E7F22A09D0D500FE474D /* Project object */;
}
